Microsoft Visual Studio Solution File, Format Version 12.00
# Visual Studio Version 17
VisualStudioVersion = 17.5.2.0
MinimumVisualStudioVersion = 10.0.40219.1
Project("{FAE04EC0-301F-11D3-BF4B-00C04F79EFBC}") = "FirstRoll", "FirstRoll.csproj", "{66251FFE-391A-9661-F3AA-A455A569BC7E}"
EndProject
Global
	GlobalSection(SolutionConfigurationPlatforms) = preSolution
		Debug|Any CPU = Debug|Any CPU
		Release|Any CPU = Release|Any CPU
	EndGlobalSection
	GlobalSection(ProjectConfigurationPlatforms) = postSolution
		{66251FFE-391A-9661-F3AA-A455A569BC7E}.Debug|Any CPU.ActiveCfg = Debug|Any CPU
		{66251FFE-391A-9661-F3AA-A455A569BC7E}.Debug|Any CPU.Build.0 = Debug|Any CPU
		{66251FFE-391A-9661-F3AA-A455A569BC7E}.Release|Any CPU.ActiveCfg = Release|Any CPU
		{66251FFE-391A-9661-F3AA-A455A569BC7E}.Release|Any CPU.Build.0 = Release|Any CPU
	EndGlobalSection
	GlobalSection(SolutionProperties) = preSolution
		HideSolutionNode = FALSE
	EndGlobalSection
	GlobalSection(ExtensibilityGlobals) = postSolution
		SolutionGuid = {825FEF28-1B18-44E8-906C-A2D5FB10CE88}
	EndGlobalSection
EndGlobal
